
Microsoft Visual Studio Solution File, Format Version 12.00
# Visual Studio Version 16
VisualStudioVersion = 16.0.30907.101
MinimumVisualStudioVersion = 10.0.40219.1
Project("{F184B08F-C81C-45F6-A57F-5ABD9991F28F}") = "penjualanBuku", "penjualanBuku\penjualanBuku.vbproj", "{6F1FF10E-D6C0-4A97-8390-0E42AC3A63A1}"
EndProject
Global
	GlobalSection(SolutionConfigurationPlatforms) = preSolution
		Debug|Any CPU = Debug|Any CPU
		Release|Any CPU = Release|Any CPU
	EndGlobalSection
	GlobalSection(ProjectConfigurationPlatforms) = postSolution
		{6F1FF10E-D6C0-4A97-8390-0E42AC3A63A1}.Debug|Any CPU.ActiveCfg = Debug|Any CPU
		{6F1FF10E-D6C0-4A97-8390-0E42AC3A63A1}.Debug|Any CPU.Build.0 = Debug|Any CPU
		{6F1FF10E-D6C0-4A97-8390-0E42AC3A63A1}.Release|Any CPU.ActiveCfg = Release|Any CPU
		{6F1FF10E-D6C0-4A97-8390-0E42AC3A63A1}.Release|Any CPU.Build.0 = Release|Any CPU
	EndGlobalSection
	GlobalSection(SolutionProperties) = preSolution
		HideSolutionNode = FALSE
	EndGlobalSection
	GlobalSection(ExtensibilityGlobals) = postSolution
		SolutionGuid = {BE93A605-61A0-44DE-8BAC-762B14949194}
	EndGlobalSection
EndGlobal
